
Microsoft Visual Studio Solution File, Format Version 12.00
# Visual Studio 15
VisualStudioVersion = 15.0.27019.1
MinimumVisualStudioVersion = 10.0.40219.1
Project("{FAE04EC0-301F-11D3-BF4B-00C04F79EFBC}") = "queuereader", "queuereader\queuereader.csproj", "{03F51674-7576-4504-9288-13D31D827C76}"
EndProject
Global
	GlobalSection(SolutionConfigurationPlatforms) = preSolution
		Debug|Any CPU = Debug|Any CPU
		Release|Any CPU = Release|Any CPU
	EndGlobalSection
	GlobalSection(ProjectConfigurationPlatforms) = postSolution
		{03F51674-7576-4504-9288-13D31D827C76}.Debug|Any CPU.ActiveCfg = Debug|Any CPU
		{03F51674-7576-4504-9288-13D31D827C76}.Debug|Any CPU.Build.0 = Debug|Any CPU
		{03F51674-7576-4504-9288-13D31D827C76}.Release|Any CPU.ActiveCfg = Release|Any CPU
		{03F51674-7576-4504-9288-13D31D827C76}.Release|Any CPU.Build.0 = Release|Any CPU
	EndGlobalSection
	GlobalSection(SolutionProperties) = preSolution
		HideSolutionNode = FALSE
	EndGlobalSection
	GlobalSection(ExtensibilityGlobals) = postSolution
		SolutionGuid = {AA9FB1F5-D738-4F35-8A2D-2516731E5463}
	EndGlobalSection
EndGlobal
